
Microsoft Visual Studio Solution File, Format Version 12.00
# Visual Studio Version 16
VisualStudioVersion = 16.0.30711.63
MinimumVisualStudioVersion = 10.0.40219.1
Project("{9A19103F-16F7-4668-BE54-9A1E7A4F7556}") = "Kampintro", "Kampintro\Kampintro.csproj", "{8C2278DF-7AE1-41D2-9FB8-9E9ADF8F884D}"
EndProject
Project("{9A19103F-16F7-4668-BE54-9A1E7A4F7556}") = "Donguler", "Donguler\Donguler.csproj", "{EA56E2E7-2197-43B9-AD78-85532BE6610B}"
EndProject
Project("{9A19103F-16F7-4668-BE54-9A1E7A4F7556}") = "ClassIntro", "ClassIntro\ClassIntro.csproj", "{9EC054BC-3B34-4953-A222-536B5BE2F0C8}"
EndProject
Project("{9A19103F-16F7-4668-BE54-9A1E7A4F7556}") = "Methodlar", "Methodlar\Methodlar.csproj", "{006EDDF1-E7A2-4FF2-9120-DE42CAB998C4}"
EndProject
Project("{9A19103F-16F7-4668-BE54-9A1E7A4F7556}") = "Matematik", "Matematik\Matematik.csproj", "{CBCCE361-C955-48F2-9DE2-8EF61EBFD489}"
EndProject
Project("{9A19103F-16F7-4668-BE54-9A1E7A4F7556}") = "DegerVeReferansTipler", "DegerVeReferansTipler\DegerVeReferansTipler.csproj", "{D49E398F-3C5B-4561-ACD4-E447E4AD6993}"
EndProject
Project("{9A19103F-16F7-4668-BE54-9A1E7A4F7556}") = "OOP1", "OOP1\OOP1.csproj", "{FEE35F7B-5D03-454D-BF00-56364654E455}"
EndProject
Project("{9A19103F-16F7-4668-BE54-9A1E7A4F7556}") = "Koleksiyonlar", "Koleksiyonlar\Koleksiyonlar.csproj", "{51B627A0-FEE9-4118-9C09-BE5E57C1DB1C}"
EndProject
Project("{9A19103F-16F7-4668-BE54-9A1E7A4F7556}") = "GenericsIntro", "GenericsIntro\GenericsIntro.csproj", "{76329D4E-7E3B-4712-A9B5-05B02331F6C7}"
EndProject
Project("{9A19103F-16F7-4668-BE54-9A1E7A4F7556}") = "OOP2", "OOP2\OOP2.csproj", "{AA565B31-C142-4007-9CB3-B0C07B361F86}"
EndProject
Project("{9A19103F-16F7-4668-BE54-9A1E7A4F7556}") = "OOP3", "OOP3\OOP3.csproj", "{0DBF05AA-29AA-4D39-81A8-B780365037D0}"
EndProject
Project("{9A19103F-16F7-4668-BE54-9A1E7A4F7556}") = "RefOut", "RefOut\RefOut.csproj", "{1DC2F7FC-924E-4152-A749-BFCB7EE2E5E1}"
EndProject
Project("{9A19103F-16F7-4668-BE54-9A1E7A4F7556}") = "ClassMethodDemo", "ClassMethodDemo\ClassMethodDemo.csproj", "{8065EEF0-CE92-4658-AEF4-996E96A4151F}"
EndProject
Project("{FAE04EC0-301F-11D3-BF4B-00C04F79EFBC}") = "MyListOdev", "MyListOdev\MyListOdev.csproj", "{7921D424-17D0-4CA4-B49A-0EE1D2AA5FB0}"
EndProject
Global
	GlobalSection(SolutionConfigurationPlatforms) = preSolution
		Debug|Any CPU = Debug|Any CPU
		Release|Any CPU = Release|Any CPU
	EndGlobalSection
	GlobalSection(ProjectConfigurationPlatforms) = postSolution
		{8C2278DF-7AE1-41D2-9FB8-9E9ADF8F884D}.Debug|Any CPU.ActiveCfg = Debug|Any CPU
		{8C2278DF-7AE1-41D2-9FB8-9E9ADF8F884D}.Debug|Any CPU.Build.0 = Debug|Any CPU
		{8C2278DF-7AE1-41D2-9FB8-9E9ADF8F884D}.Release|Any CPU.ActiveCfg = Release|Any CPU
		{8C2278DF-7AE1-41D2-9FB8-9E9ADF8F884D}.Release|Any CPU.Build.0 = Release|Any CPU
		{EA56E2E7-2197-43B9-AD78-85532BE6610B}.Debug|Any CPU.ActiveCfg = Debug|Any CPU
		{EA56E2E7-2197-43B9-AD78-85532BE6610B}.Debug|Any CPU.Build.0 = Debug|Any CPU
		{EA56E2E7-2197-43B9-AD78-85532BE6610B}.Release|Any CPU.ActiveCfg = Release|Any CPU
		{EA56E2E7-2197-43B9-AD78-85532BE6610B}.Release|Any CPU.Build.0 = Release|Any CPU
		{9EC054BC-3B34-4953-A222-536B5BE2F0C8}.Debug|Any CPU.ActiveCfg = Debug|Any CPU
		{9EC054BC-3B34-4953-A222-536B5BE2F0C8}.Debug|Any CPU.Build.0 = Debug|Any CPU
		{9EC054BC-3B34-4953-A222-536B5BE2F0C8}.Release|Any CPU.ActiveCfg = Release|Any CPU
		{9EC054BC-3B34-4953-A222-536B5BE2F0C8}.Release|Any CPU.Build.0 = Release|Any CPU
		{006EDDF1-E7A2-4FF2-9120-DE42CAB998C4}.Debug|Any CPU.ActiveCfg = Debug|Any CPU
		{006EDDF1-E7A2-4FF2-9120-DE42CAB998C4}.Debug|Any CPU.Build.0 = Debug|Any CPU
		{006EDDF1-E7A2-4FF2-9120-DE42CAB998C4}.Release|Any CPU.ActiveCfg = Release|Any CPU
		{006EDDF1-E7A2-4FF2-9120-DE42CAB998C4}.Release|Any CPU.Build.0 = Release|Any CPU
		{CBCCE361-C955-48F2-9DE2-8EF61EBFD489}.Debug|Any CPU.ActiveCfg = Debug|Any CPU
		{CBCCE361-C955-48F2-9DE2-8EF61EBFD489}.Debug|Any CPU.Build.0 = Debug|Any CPU
		{CBCCE361-C955-48F2-9DE2-8EF61EBFD489}.Release|Any CPU.ActiveCfg = Release|Any CPU
		{CBCCE361-C955-48F2-9DE2-8EF61EBFD489}.Release|Any CPU.Build.0 = Release|Any CPU
		{D49E398F-3C5B-4561-ACD4-E447E4AD6993}.Debug|Any CPU.ActiveCfg = Debug|Any CPU
		{D49E398F-3C5B-4561-ACD4-E447E4AD6993}.Debug|Any CPU.Build.0 = Debug|Any CPU
		{D49E398F-3C5B-4561-ACD4-E447E4AD6993}.Release|Any CPU.ActiveCfg = Release|Any CPU
		{D49E398F-3C5B-4561-ACD4-E447E4AD6993}.Release|Any CPU.Build.0 = Release|Any CPU
		{FEE35F7B-5D03-454D-BF00-56364654E455}.Debug|Any CPU.ActiveCfg = Debug|Any CPU
		{FEE35F7B-5D03-454D-BF00-56364654E455}.Debug|Any CPU.Build.0 = Debug|Any CPU
		{FEE35F7B-5D03-454D-BF00-56364654E455}.Release|Any CPU.ActiveCfg = Release|Any CPU
		{FEE35F7B-5D03-454D-BF00-56364654E455}.Release|Any CPU.Build.0 = Release|Any CPU
		{51B627A0-FEE9-4118-9C09-BE5E57C1DB1C}.Debug|Any CPU.ActiveCfg = Debug|Any CPU
		{51B627A0-FEE9-4118-9C09-BE5E57C1DB1C}.Debug|Any CPU.Build.0 = Debug|Any CPU
		{51B627A0-FEE9-4118-9C09-BE5E57C1DB1C}.Release|Any CPU.ActiveCfg = Release|Any CPU
		{51B627A0-FEE9-4118-9C09-BE5E57C1DB1C}.Release|Any CPU.Build.0 = Release|Any CPU
		{76329D4E-7E3B-4712-A9B5-05B02331F6C7}.Debug|Any CPU.ActiveCfg = Debug|Any CPU
		{76329D4E-7E3B-4712-A9B5-05B02331F6C7}.Debug|Any CPU.Build.0 = Debug|Any CPU
		{76329D4E-7E3B-4712-A9B5-05B02331F6C7}.Release|Any CPU.ActiveCfg = Release|Any CPU
		{76329D4E-7E3B-4712-A9B5-05B02331F6C7}.Release|Any CPU.Build.0 = Release|Any CPU
		{AA565B31-C142-4007-9CB3-B0C07B361F86}.Debug|Any CPU.ActiveCfg = Debug|Any CPU
		{AA565B31-C142-4007-9CB3-B0C07B361F86}.Debug|Any CPU.Build.0 = Debug|Any CPU
		{AA565B31-C142-4007-9CB3-B0C07B361F86}.Release|Any CPU.ActiveCfg = Release|Any CPU
		{AA565B31-C142-4007-9CB3-B0C07B361F86}.Release|Any CPU.Build.0 = Release|Any CPU
		{0DBF05AA-29AA-4D39-81A8-B780365037D0}.Debug|Any CPU.ActiveCfg = Debug|Any CPU
		{0DBF05AA-29AA-4D39-81A8-B780365037D0}.Debug|Any CPU.Build.0 = Debug|Any CPU
		{0DBF05AA-29AA-4D39-81A8-B780365037D0}.Release|Any CPU.ActiveCfg = Release|Any CPU
		{0DBF05AA-29AA-4D39-81A8-B780365037D0}.Release|Any CPU.Build.0 = Release|Any CPU
		{1DC2F7FC-924E-4152-A749-BFCB7EE2E5E1}.Debug|Any CPU.ActiveCfg = Debug|Any CPU
		{1DC2F7FC-924E-4152-A749-BFCB7EE2E5E1}.Debug|Any CPU.Build.0 = Debug|Any CPU
		{1DC2F7FC-924E-4152-A749-BFCB7EE2E5E1}.Release|Any CPU.ActiveCfg = Release|Any CPU
		{1DC2F7FC-924E-4152-A749-BFCB7EE2E5E1}.Release|Any CPU.Build.0 = Release|Any CPU
		{8065EEF0-CE92-4658-AEF4-996E96A4151F}.Debug|Any CPU.ActiveCfg = Debug|Any CPU
		{8065EEF0-CE92-4658-AEF4-996E96A4151F}.Debug|Any CPU.Build.0 = Debug|Any CPU
		{8065EEF0-CE92-4658-AEF4-996E96A4151F}.Release|Any CPU.ActiveCfg = Release|Any CPU
		{8065EEF0-CE92-4658-AEF4-996E96A4151F}.Release|Any CPU.Build.0 = Release|Any CPU
		{7921D424-17D0-4CA4-B49A-0EE1D2AA5FB0}.Debug|Any CPU.ActiveCfg = Debug|Any CPU
		{7921D424-17D0-4CA4-B49A-0EE1D2AA5FB0}.Debug|Any CPU.Build.0 = Debug|Any CPU
		{7921D424-17D0-4CA4-B49A-0EE1D2AA5FB0}.Release|Any CPU.ActiveCfg = Release|Any CPU
		{7921D424-17D0-4CA4-B49A-0EE1D2AA5FB0}.Release|Any CPU.Build.0 = Release|Any CPU
	EndGlobalSection
	GlobalSection(SolutionProperties) = preSolution
		HideSolutionNode = FALSE
	EndGlobalSection
	GlobalSection(ExtensibilityGlobals) = postSolution
		SolutionGuid = {13CC7E27-C694-4A36-A47E-F41D4672574D}
	EndGlobalSection
EndGlobal
